
Microsoft Visual Studio Solution File, Format Version 12.00
# Visual Studio 15
VisualStudioVersion = 15.0.28010.2036
MinimumVisualStudioVersion = 10.0.40219.1
Project("{8BC9CEB8-8B4A-11D0-8D11-00A0C91BC942}") = "Project1", "Project1\Project1.vcxproj", "{405DDF94-4508-4E8B-AF40-3695CFC0DD22}"
EndProject
Global
	GlobalSection(SolutionConfigurationPlatforms) = preSolution
		Debug|x64 = Debug|x64
		Debug|x86 = Debug|x86
		Release|x64 = Release|x64
		Release|x86 = Release|x86
	EndGlobalSection
	GlobalSection(ProjectConfigurationPlatforms) = postSolution
		{405DDF94-4508-4E8B-AF40-3695CFC0DD22}.Debug|x64.ActiveCfg = Debug|x64
		{405DDF94-4508-4E8B-AF40-3695CFC0DD22}.Debug|x64.Build.0 = Debug|x64
		{405DDF94-4508-4E8B-AF40-3695CFC0DD22}.Debug|x86.ActiveCfg = Debug|Win32
		{405DDF94-4508-4E8B-AF40-3695CFC0DD22}.Debug|x86.Build.0 = Debug|Win32
		{405DDF94-4508-4E8B-AF40-3695CFC0DD22}.Release|x64.ActiveCfg = Release|x64
		{405DDF94-4508-4E8B-AF40-3695CFC0DD22}.Release|x64.Build.0 = Release|x64
		{405DDF94-4508-4E8B-AF40-3695CFC0DD22}.Release|x86.ActiveCfg = Release|Win32
		{405DDF94-4508-4E8B-AF40-3695CFC0DD22}.Release|x86.Build.0 = Release|Win32
	EndGlobalSection
	GlobalSection(SolutionProperties) = preSolution
		HideSolutionNode = FALSE
	EndGlobalSection
	GlobalSection(ExtensibilityGlobals) = postSolution
		SolutionGuid = {8F14D5A8-6172-4D86-9760-2BF58FDB0D9C}
	EndGlobalSection
EndGlobal
