
Microsoft Visual Studio Solution File, Format Version 12.00
# Visual Studio 15
VisualStudioVersion = 15.0.28010.2036
MinimumVisualStudioVersion = 10.0.40219.1
Project("{8BC9CEB8-8B4A-11D0-8D11-00A0C91BC942}") = "Project1", "Project1\Project1.vcxproj", "{924A43F0-F7E7-4176-99D4-55E979A2476D}"
EndProject
Global
	GlobalSection(SolutionConfigurationPlatforms) = preSolution
		Debug|x64 = Debug|x64
		Debug|x86 = Debug|x86
		Release|x64 = Release|x64
		Release|x86 = Release|x86
	EndGlobalSection
	GlobalSection(ProjectConfigurationPlatforms) = postSolution
		{924A43F0-F7E7-4176-99D4-55E979A2476D}.Debug|x64.ActiveCfg = Debug|x64
		{924A43F0-F7E7-4176-99D4-55E979A2476D}.Debug|x64.Build.0 = Debug|x64
		{924A43F0-F7E7-4176-99D4-55E979A2476D}.Debug|x86.ActiveCfg = Debug|Win32
		{924A43F0-F7E7-4176-99D4-55E979A2476D}.Debug|x86.Build.0 = Debug|Win32
		{924A43F0-F7E7-4176-99D4-55E979A2476D}.Release|x64.ActiveCfg = Release|x64
		{924A43F0-F7E7-4176-99D4-55E979A2476D}.Release|x64.Build.0 = Release|x64
		{924A43F0-F7E7-4176-99D4-55E979A2476D}.Release|x86.ActiveCfg = Release|Win32
		{924A43F0-F7E7-4176-99D4-55E979A2476D}.Release|x86.Build.0 = Release|Win32
	EndGlobalSection
	GlobalSection(SolutionProperties) = preSolution
		HideSolutionNode = FALSE
	EndGlobalSection
	GlobalSection(ExtensibilityGlobals) = postSolution
		SolutionGuid = {36580A59-EC5F-4835-9947-B9A97EEAD1E8}
	EndGlobalSection
EndGlobal
